
Microsoft Visual Studio Solution File, Format Version 12.00
# Visual Studio Version 17
VisualStudioVersion = 17.14.37314.3 d17.14
MinimumVisualStudioVersion = 10.0.40219.1
Project("{FAE04EC0-301F-11D3-BF4B-00C04F79EFBC}") = "LibraryManager", "LibraryManager.csproj", "{EDDB1A95-0544-4060-9833-2B0ED112A6FE}"
EndProject
Project("{FAE04EC0-301F-11D3-BF4B-00C04F79EFBC}") = "LibraryManagerAI.Test", "..\LibraryManagerAI.Test\LibraryManagerAI.Test.csproj", "{C34540BD-9283-4532-B782-2D8EEF630257}"
EndProject
Global
	GlobalSection(SolutionConfigurationPlatforms) = preSolution
		Debug|Any CPU = Debug|Any CPU
		Release|Any CPU = Release|Any CPU
	EndGlobalSection
	GlobalSection(ProjectConfigurationPlatforms) = postSolution
		{EDDB1A95-0544-4060-9833-2B0ED112A6FE}.Debug|Any CPU.ActiveCfg = Debug|Any CPU
		{EDDB1A95-0544-4060-9833-2B0ED112A6FE}.Debug|Any CPU.Build.0 = Debug|Any CPU
		{EDDB1A95-0544-4060-9833-2B0ED112A6FE}.Release|Any CPU.ActiveCfg = Release|Any CPU
		{EDDB1A95-0544-4060-9833-2B0ED112A6FE}.Release|Any CPU.Build.0 = Release|Any CPU
		{C34540BD-9283-4532-B782-2D8EEF630257}.Debug|Any CPU.ActiveCfg = Debug|Any CPU
		{C34540BD-9283-4532-B782-2D8EEF630257}.Debug|Any CPU.Build.0 = Debug|Any CPU
		{C34540BD-9283-4532-B782-2D8EEF630257}.Release|Any CPU.ActiveCfg = Release|Any CPU
		{C34540BD-9283-4532-B782-2D8EEF630257}.Release|Any CPU.Build.0 = Release|Any CPU
	EndGlobalSection
	GlobalSection(SolutionProperties) = preSolution
		HideSolutionNode = FALSE
	EndGlobalSection
	GlobalSection(ExtensibilityGlobals) = postSolution
		SolutionGuid = {605A84A4-8212-41B3-8BE0-FCC85DC80752}
	EndGlobalSection
EndGlobal
